# This file is automatically @generated by Veryl.
# It is not intended for manual editing.
version = 1

[[projects]]
name = "filter"
source = "../filter"
dependencies = []

[projects.properties]

[[projects]]
name = "fixedpoint"
source = "../fixedpoint"
dependencies = []

[projects.properties]

[[projects]]
name = "interpolation"
source = "../interpolation"

[projects.properties]

[[projects.dependencies]]
name = "fixedpoint"
source = "../fixedpoint"

[[projects]]
name = "nco"
source = "../nco"
dependencies = []

[projects.properties]
